// !$*UTF8*$!
{
	archiveVersion = 1;
	classes = {
	};
	objectVersion = 56;
	objects = {

/* Begin PBXBuildFile section */
		04F5D5642EF3AFCB00CC74F5 /* SwiftUI_NewsAppApp.swift in Sources */ = {isa = PBXBuildFile; fileRef = 04F5D5632EF3AFCB00CC74F5 /* SwiftUI_NewsAppApp.swift */; };
		04F5D5682EF3AFCF00CC74F5 /* Assets.xcassets in Resources */ = {isa = PBXBuildFile; fileRef = 04F5D5672EF3AFCF00CC74F5 /* Assets.xcassets */; };
		04F5D56B2EF3AFCF00CC74F5 /* Preview Assets.xcassets in Resources */ = {isa = PBXBuildFile; fileRef = 04F5D56A2EF3AFCF00CC74F5 /* Preview Assets.xcassets */; };
		04F5D5782EF3B2F400CC74F5 /* APIEndpointConfig.swift in Sources */ = {isa = PBXBuildFile; fileRef = 04F5D5772EF3B2F400CC74F5 /* APIEndpointConfig.swift */; };
		04F5D57A2EF3B30B00CC74F5 /* APIError.swift in Sources */ = {isa = PBXBuildFile; fileRef = 04F5D5792EF3B30B00CC74F5 /* APIError.swift */; };
		04F5D57C2EF3B32100CC74F5 /* APIRequest.swift in Sources */ = {isa = PBXBuildFile; fileRef = 04F5D57B2EF3B32100CC74F5 /* APIRequest.swift */; };
		04F5D57E2EF3B33700CC74F5 /* APIRequestBuilder.swift in Sources */ = {isa = PBXBuildFile; fileRef = 04F5D57D2EF3B33700CC74F5 /* APIRequestBuilder.swift */; };
		04F5D5802EF3B34F00CC74F5 /* NetworkManager.swift in Sources */ = {isa = PBXBuildFile; fileRef = 04F5D57F2EF3B34F00CC74F5 /* NetworkManager.swift */; };
		04F5D5822EF3B36500CC74F5 /* ResponseHandler.swift in Sources */ = {isa = PBXBuildFile; fileRef = 04F5D5812EF3B36500CC74F5 /* ResponseHandler.swift */; };
		04F5D5842EF3B38200CC74F5 /* NetworkMonitor.swift in Sources */ = {isa = PBXBuildFile; fileRef = 04F5D5832EF3B38200CC74F5 /* NetworkMonitor.swift */; };
		04F5D5862EF3B4B300CC74F5 /* NewsAPI.swift in Sources */ = {isa = PBXBuildFile; fileRef = 04F5D5852EF3B4B300CC74F5 /* NewsAPI.swift */; };
		04F5D5982EF3C02000CC74F5 /* Article.swift in Sources */ = {isa = PBXBuildFile; fileRef = 04F5D5972EF3C02000CC74F5 /* Article.swift */; };
/* End PBXBuildFile section */

/* Begin PBXFileReference section */
		04F5D5602EF3AFCB00CC74F5 /* SwiftUI-NewsApp.app */ = {isa = PBXFileReference; explicitFileType = wrapper.application; includeInIndex = 0; path = "SwiftUI-NewsApp.app"; sourceTree = BUILT_PRODUCTS_DIR; };
		04F5D5632EF3AFCB00CC74F5 /* SwiftUI_NewsAppApp.swift */ = {isa = PBXFileReference; lastKnownFileType = sourcecode.swift; path = SwiftUI_NewsAppApp.swift; sourceTree = "<group>"; };
		04F5D5672EF3AFCF00CC74F5 /* Assets.xcassets */ = {isa = PBXFileReference; lastKnownFileType = folder.assetcatalog; name = Assets.xcassets; path = ../Assets.xcassets; sourceTree = "<group>"; };
		04F5D56A2EF3AFCF00CC74F5 /* Preview Assets.xcassets */ = {isa = PBXFileReference; lastKnownFileType = folder.assetcatalog; path = "Preview Assets.xcassets"; sourceTree = "<group>"; };
		04F5D5772EF3B2F400CC74F5 /* APIEndpointConfig.swift */ = {isa = PBXFileReference; lastKnownFileType = sourcecode.swift; path = APIEndpointConfig.swift; sourceTree = "<group>"; };
		04F5D5792EF3B30B00CC74F5 /* APIError.swift */ = {isa = PBXFileReference; lastKnownFileType = sourcecode.swift; path = APIError.swift; sourceTree = "<group>"; };
		04F5D57B2EF3B32100CC74F5 /* APIRequest.swift */ = {isa = PBXFileReference; lastKnownFileType = sourcecode.swift; path = APIRequest.swift; sourceTree = "<group>"; };
		04F5D57D2EF3B33700CC74F5 /* APIRequestBuilder.swift */ = {isa = PBXFileReference; lastKnownFileType = sourcecode.swift; path = APIRequestBuilder.swift; sourceTree = "<group>"; };
		04F5D57F2EF3B34F00CC74F5 /* NetworkManager.swift */ = {isa = PBXFileReference; lastKnownFileType = sourcecode.swift; path = NetworkManager.swift; sourceTree = "<group>"; };
		04F5D5812EF3B36500CC74F5 /* ResponseHandler.swift */ = {isa = PBXFileReference; lastKnownFileType = sourcecode.swift; path = ResponseHandler.swift; sourceTree = "<group>"; };
		04F5D5832EF3B38200CC74F5 /* NetworkMonitor.swift */ = {isa = PBXFileReference; lastKnownFileType = sourcecode.swift; path = NetworkMonitor.swift; sourceTree = "<group>"; };
		04F5D5852EF3B4B300CC74F5 /* NewsAPI.swift */ = {isa = PBXFileReference; lastKnownFileType = sourcecode.swift; path = NewsAPI.swift; sourceTree = "<group>"; };
		04F5D5972EF3C02000CC74F5 /* Article.swift */ = {isa = PBXFileReference; lastKnownFileType = sourcecode.swift; path = Article.swift; sourceTree = "<group>"; };
/* End PBXFileReference section */

/* Begin PBXFrameworksBuildPhase section */
		04F5D55D2EF3AFCB00CC74F5 /* Frameworks */ = {
			isa = PBXFrameworksBuildPhase;
			buildActionMask = 2147483647;
			files = (
			);
			runOnlyForDeploymentPostprocessing = 0;
		};
/* End PBXFrameworksBuildPhase section */

/* Begin PBXGroup section */
		04F5D5572EF3AFCB00CC74F5 = {
			isa = PBXGroup;
			children = (
				04F5D5622EF3AFCB00CC74F5 /* SwiftUI-NewsApp */,
				04F5D5612EF3AFCB00CC74F5 /* Products */,
			);
			sourceTree = "<group>";
		};
		04F5D5612EF3AFCB00CC74F5 /* Products */ = {
			isa = PBXGroup;
			children = (
				04F5D5602EF3AFCB00CC74F5 /* SwiftUI-NewsApp.app */,
			);
			name = Products;
			sourceTree = "<group>";
		};
		04F5D5622EF3AFCB00CC74F5 /* SwiftUI-NewsApp */ = {
			isa = PBXGroup;
			children = (
				04F5D58E2EF3B7D400CC74F5 /* Modules */,
				04F5D5632EF3AFCB00CC74F5 /* SwiftUI_NewsAppApp.swift */,
				04F5D5742EF3B1F100CC74F5 /* Resources */,
				04F5D5722EF3B1D400CC74F5 /* Network */,
				04F5D5732EF3B1E500CC74F5 /* Persistence */,
				04F5D5712EF3B1BB00CC74F5 /* Models */,
				04F5D5692EF3AFCF00CC74F5 /* Preview Content */,
			);
			path = "SwiftUI-NewsApp";
			sourceTree = "<group>";
		};
		04F5D5692EF3AFCF00CC74F5 /* Preview Content */ = {
			isa = PBXGroup;
			children = (
				04F5D56A2EF3AFCF00CC74F5 /* Preview Assets.xcassets */,
			);
			path = "Preview Content";
			sourceTree = "<group>";
		};
		04F5D5712EF3B1BB00CC74F5 /* Models */ = {
			isa = PBXGroup;
			children = (
				04F5D5972EF3C02000CC74F5 /* Article.swift */,
			);
			path = Models;
			sourceTree = "<group>";
		};
		04F5D5722EF3B1D400CC74F5 /* Network */ = {
			isa = PBXGroup;
			children = (
				04F5D5772EF3B2F400CC74F5 /* APIEndpointConfig.swift */,
				04F5D5792EF3B30B00CC74F5 /* APIError.swift */,
				04F5D57B2EF3B32100CC74F5 /* APIRequest.swift */,
				04F5D57D2EF3B33700CC74F5 /* APIRequestBuilder.swift */,
				04F5D57F2EF3B34F00CC74F5 /* NetworkManager.swift */,
				04F5D5812EF3B36500CC74F5 /* ResponseHandler.swift */,
				04F5D5832EF3B38200CC74F5 /* NetworkMonitor.swift */,
				04F5D5852EF3B4B300CC74F5 /* NewsAPI.swift */,
			);
			path = Network;
			sourceTree = "<group>";
		};
		04F5D5732EF3B1E500CC74F5 /* Persistence */ = {
			isa = PBXGroup;
			children = (
			);
			path = Persistence;
			sourceTree = "<group>";
		};
		04F5D5742EF3B1F100CC74F5 /* Resources */ = {
			isa = PBXGroup;
			children = (
				04F5D5672EF3AFCF00CC74F5 /* Assets.xcassets */,
			);
			path = Resources;
			sourceTree = "<group>";
		};
		04F5D58E2EF3B7D400CC74F5 /* Modules */ = {
			isa = PBXGroup;
			children = (
				04F5D5912EF3B82400CC74F5 /* NewsListScreen */,
				04F5D5902EF3B81000CC74F5 /* FavoritesScreen */,
				04F5D58F2EF3B7F500CC74F5 /* ArticleDetaiScreen */,
			);
			path = Modules;
			sourceTree = "<group>";
		};
		04F5D58F2EF3B7F500CC74F5 /* ArticleDetaiScreen */ = {
			isa = PBXGroup;
			children = (
				04F5D5942EF3B84F00CC74F5 /* Views */,
			);
			path = ArticleDetaiScreen;
			sourceTree = "<group>";
		};
		04F5D5902EF3B81000CC74F5 /* FavoritesScreen */ = {
			isa = PBXGroup;
			children = (
				04F5D5962EF3B86A00CC74F5 /*  ViewModel */,
				04F5D5932EF3B84A00CC74F5 /* Views */,
			);
			path = FavoritesScreen;
			sourceTree = "<group>";
		};
		04F5D5912EF3B82400CC74F5 /* NewsListScreen */ = {
			isa = PBXGroup;
			children = (
				04F5D5952EF3B86400CC74F5 /*  ViewModel */,
				04F5D5922EF3B84100CC74F5 /* Views */,
			);
			path = NewsListScreen;
			sourceTree = "<group>";
		};
		04F5D5922EF3B84100CC74F5 /* Views */ = {
			isa = PBXGroup;
			children = (
			);
			path = Views;
			sourceTree = "<group>";
		};
		04F5D5932EF3B84A00CC74F5 /* Views */ = {
			isa = PBXGroup;
			children = (
			);
			path = Views;
			sourceTree = "<group>";
		};
		04F5D5942EF3B84F00CC74F5 /* Views */ = {
			isa = PBXGroup;
			children = (
			);
			path = Views;
			sourceTree = "<group>";
		};
		04F5D5952EF3B86400CC74F5 /*  ViewModel */ = {
			isa = PBXGroup;
			children = (
			);
			path = " ViewModel";
			sourceTree = "<group>";
		};
		04F5D5962EF3B86A00CC74F5 /*  ViewModel */ = {
			isa = PBXGroup;
			children = (
			);
			path = " ViewModel";
			sourceTree = "<group>";
		};
/* End PBXGroup section */

/* Begin PBXNativeTarget section */
		04F5D55F2EF3AFCB00CC74F5 /* SwiftUI-NewsApp */ = {
			isa = PBXNativeTarget;
			buildConfigurationList = 04F5D56E2EF3AFCF00CC74F5 /* Build configuration list for PBXNativeTarget "SwiftUI-NewsApp" */;
			buildPhases = (
				04F5D55C2EF3AFCB00CC74F5 /* Sources */,
				04F5D55D2EF3AFCB00CC74F5 /* Frameworks */,
				04F5D55E2EF3AFCB00CC74F5 /* Resources */,
			);
			buildRules = (
			);
			dependencies = (
			);
			name = "SwiftUI-NewsApp";
			productName = "SwiftUI-NewsApp";
			productReference = 04F5D5602EF3AFCB00CC74F5 /* SwiftUI-NewsApp.app */;
			productType = "com.apple.product-type.application";
		};
/* End PBXNativeTarget section */

/* Begin PBXProject section */
		04F5D5582EF3AFCB00CC74F5 /* Project object */ = {
			isa = PBXProject;
			attributes = {
				BuildIndependentTargetsInParallel = 1;
				LastSwiftUpdateCheck = 1420;
				LastUpgradeCheck = 1420;
				TargetAttributes = {
					04F5D55F2EF3AFCB00CC74F5 = {
						CreatedOnToolsVersion = 14.2;
					};
				};
			};
			buildConfigurationList = 04F5D55B2EF3AFCB00CC74F5 /* Build configuration list for PBXProject "SwiftUI-NewsApp" */;
			compatibilityVersion = "Xcode 14.0";
			developmentRegion = en;
			hasScannedForEncodings = 0;
			knownRegions = (
				en,
				Base,
			);
			mainGroup = 04F5D5572EF3AFCB00CC74F5;
			productRefGroup = 04F5D5612EF3AFCB00CC74F5 /* Products */;
			projectDirPath = "";
			projectRoot = "";
			targets = (
				04F5D55F2EF3AFCB00CC74F5 /* SwiftUI-NewsApp */,
			);
		};
/* End PBXProject section */

/* Begin PBXResourcesBuildPhase section */
		04F5D55E2EF3AFCB00CC74F5 /* Resources */ = {
			isa = PBXResourcesBuildPhase;
			buildActionMask = 2147483647;
			files = (
				04F5D56B2EF3AFCF00CC74F5 /* Preview Assets.xcassets in Resources */,
				04F5D5682EF3AFCF00CC74F5 /* Assets.xcassets in Resources */,
			);
			runOnlyForDeploymentPostprocessing = 0;
		};
/* End PBXResourcesBuildPhase section */

/* Begin PBXSourcesBuildPhase section */
		04F5D55C2EF3AFCB00CC74F5 /* Sources */ = {
			isa = PBXSourcesBuildPhase;
			buildActionMask = 2147483647;
			files = (
				04F5D5782EF3B2F400CC74F5 /* APIEndpointConfig.swift in Sources */,
				04F5D57A2EF3B30B00CC74F5 /* APIError.swift in Sources */,
				04F5D5802EF3B34F00CC74F5 /* NetworkManager.swift in Sources */,
				04F5D57C2EF3B32100CC74F5 /* APIRequest.swift in Sources */,
				04F5D5982EF3C02000CC74F5 /* Article.swift in Sources */,
				04F5D5822EF3B36500CC74F5 /* ResponseHandler.swift in Sources */,
				04F5D57E2EF3B33700CC74F5 /* APIRequestBuilder.swift in Sources */,
				04F5D5862EF3B4B300CC74F5 /* NewsAPI.swift in Sources */,
				04F5D5842EF3B38200CC74F5 /* NetworkMonitor.swift in Sources */,
				04F5D5642EF3AFCB00CC74F5 /* SwiftUI_NewsAppApp.swift in Sources */,
			);
			runOnlyForDeploymentPostprocessing = 0;
		};
/* End PBXSourcesBuildPhase section */

/* Begin XCBuildConfiguration section */
		04F5D56C2EF3AFCF00CC74F5 /* Debug */ = {
			isa = XCBuildConfiguration;
			buildSettings = {
				ALWAYS_SEARCH_USER_PATHS = NO;
				CLANG_ANALYZER_NONNULL = YES;
				CLANG_ANALYZER_NUMBER_OBJECT_CONVERSION = YES_AGGRESSIVE;
				CLANG_CXX_LANGUAGE_STANDARD = "gnu++20";
				CLANG_ENABLE_MODULES = YES;
				CLANG_ENABLE_OBJC_ARC = YES;
				CLANG_ENABLE_OBJC_WEAK = YES;
				CLANG_WARN_BLOCK_CAPTURE_AUTORELEASING = YES;
				CLANG_WARN_BOOL_CONVERSION = YES;
				CLANG_WARN_COMMA = YES;
				CLANG_WARN_CONSTANT_CONVERSION = YES;
				CLANG_WARN_DEPRECATED_OBJC_IMPLEMENTATIONS = YES;
				CLANG_WARN_DIRECT_OBJC_ISA_USAGE = YES_ERROR;
				CLANG_WARN_DOCUMENTATION_COMMENTS = YES;
				CLANG_WARN_EMPTY_BODY = YES;
				CLANG_WARN_ENUM_CONVERSION = YES;
				CLANG_WARN_INFINITE_RECURSION = YES;
				CLANG_WARN_INT_CONVERSION = YES;
				CLANG_WARN_NON_LITERAL_NULL_CONVERSION = YES;
				CLANG_WARN_OBJC_IMPLICIT_RETAIN_SELF = YES;
				CLANG_WARN_OBJC_LITERAL_CONVERSION = YES;
				CLANG_WARN_OBJC_ROOT_CLASS = YES_ERROR;
				CLANG_WARN_QUOTED_INCLUDE_IN_FRAMEWORK_HEADER = YES;
				CLANG_WARN_RANGE_LOOP_ANALYSIS = YES;
				CLANG_WARN_STRICT_PROTOTYPES = YES;
				CLANG_WARN_SUSPICIOUS_MOVE = YES;
				CLANG_WARN_UNGUARDED_AVAILABILITY = YES_AGGRESSIVE;
				CLANG_WARN_UNREACHABLE_CODE = YES;
				CLANG_WARN__DUPLICATE_METHOD_MATCH = YES;
				COPY_PHASE_STRIP = NO;
				DEBUG_INFORMATION_FORMAT = dwarf;
				ENABLE_STRICT_OBJC_MSGSEND = YES;
				ENABLE_TESTABILITY = YES;
				GCC_C_LANGUAGE_STANDARD = gnu11;
				GCC_DYNAMIC_NO_PIC = NO;
				GCC_NO_COMMON_BLOCKS = YES;
				GCC_OPTIMIZATION_LEVEL = 0;
				GCC_PREPROCESSOR_DEFINITIONS = (
					"DEBUG=1",
					"$(inherited)",
				);
				GCC_WARN_64_TO_32_BIT_CONVERSION = YES;
				GCC_WARN_ABOUT_RETURN_TYPE = YES_ERROR;
				GCC_WARN_UNDECLARED_SELECTOR = YES;
				GCC_WARN_UNINITIALIZED_AUTOS = YES_AGGRESSIVE;
				GCC_WARN_UNUSED_FUNCTION = YES;
				GCC_WARN_UNUSED_VARIABLE = YES;
				IPHONEOS_DEPLOYMENT_TARGET = 16.2;
				MTL_ENABLE_DEBUG_INFO = INCLUDE_SOURCE;
				MTL_FAST_MATH = YES;
				ONLY_ACTIVE_ARCH = YES;
				SDKROOT = iphoneos;
				SWIFT_ACTIVE_COMPILATION_CONDITIONS = DEBUG;
				SWIFT_OPTIMIZATION_LEVEL = "-Onone";
			};
			name = Debug;
		};
		04F5D56D2EF3AFCF00CC74F5 /* Release */ = {
			isa = XCBuildConfiguration;
			buildSettings = {
				ALWAYS_SEARCH_USER_PATHS = NO;
				CLANG_ANALYZER_NONNULL = YES;
				CLANG_ANALYZER_NUMBER_OBJECT_CONVERSION = YES_AGGRESSIVE;
				CLANG_CXX_LANGUAGE_STANDARD = "gnu++20";
				CLANG_ENABLE_MODULES = YES;
				CLANG_ENABLE_OBJC_ARC = YES;
				CLANG_ENABLE_OBJC_WEAK = YES;
				CLANG_WARN_BLOCK_CAPTURE_AUTORELEASING = YES;
				CLANG_WARN_BOOL_CONVERSION = YES;
				CLANG_WARN_COMMA = YES;
				CLANG_WARN_CONSTANT_CONVERSION = YES;
				CLANG_WARN_DEPRECATED_OBJC_IMPLEMENTATIONS = YES;
				CLANG_WARN_DIRECT_OBJC_ISA_USAGE = YES_ERROR;
				CLANG_WARN_DOCUMENTATION_COMMENTS = YES;
				CLANG_WARN_EMPTY_BODY = YES;
				CLANG_WARN_ENUM_CONVERSION = YES;
				CLANG_WARN_INFINITE_RECURSION = YES;
				CLANG_WARN_INT_CONVERSION = YES;
				CLANG_WARN_NON_LITERAL_NULL_CONVERSION = YES;
				CLANG_WARN_OBJC_IMPLICIT_RETAIN_SELF = YES;
				CLANG_WARN_OBJC_LITERAL_CONVERSION = YES;
				CLANG_WARN_OBJC_ROOT_CLASS = YES_ERROR;
				CLANG_WARN_QUOTED_INCLUDE_IN_FRAMEWORK_HEADER = YES;
				CLANG_WARN_RANGE_LOOP_ANALYSIS = YES;
				CLANG_WARN_STRICT_PROTOTYPES = YES;
				CLANG_WARN_SUSPICIOUS_MOVE = YES;
				CLANG_WARN_UNGUARDED_AVAILABILITY = YES_AGGRESSIVE;
				CLANG_WARN_UNREACHABLE_CODE = YES;
				CLANG_WARN__DUPLICATE_METHOD_MATCH = YES;
				COPY_PHASE_STRIP = NO;
				DEBUG_INFORMATION_FORMAT = "dwarf-with-dsym";
				ENABLE_NS_ASSERTIONS = NO;
				ENABLE_STRICT_OBJC_MSGSEND = YES;
				GCC_C_LANGUAGE_STANDARD = gnu11;
				GCC_NO_COMMON_BLOCKS = YES;
				GCC_WARN_64_TO_32_BIT_CONVERSION = YES;
				GCC_WARN_ABOUT_RETURN_TYPE = YES_ERROR;
				GCC_WARN_UNDECLARED_SELECTOR = YES;
				GCC_WARN_UNINITIALIZED_AUTOS = YES_AGGRESSIVE;
				GCC_WARN_UNUSED_FUNCTION = YES;
				GCC_WARN_UNUSED_VARIABLE = YES;
				IPHONEOS_DEPLOYMENT_TARGET = 16.2;
				MTL_ENABLE_DEBUG_INFO = NO;
				MTL_FAST_MATH = YES;
				SDKROOT = iphoneos;
				SWIFT_COMPILATION_MODE = wholemodule;
				SWIFT_OPTIMIZATION_LEVEL = "-O";
				VALIDATE_PRODUCT = YES;
			};
			name = Release;
		};
		04F5D56F2EF3AFCF00CC74F5 /* Debug */ = {
			isa = XCBuildConfiguration;
			buildSettings = {
				ASSETCATALOG_COMPILER_APPICON_NAME = AppIcon;
				ASSETCATALOG_COMPILER_GLOBAL_ACCENT_COLOR_NAME = AccentColor;
				CODE_SIGN_STYLE = Automatic;
				CURRENT_PROJECT_VERSION = 1;
				DEVELOPMENT_ASSET_PATHS = "\"SwiftUI-NewsApp/Preview Content\"";
				ENABLE_PREVIEWS = YES;
				GENERATE_INFOPLIST_FILE = YES;
				INFOPLIST_KEY_UIApplicationSceneManifest_Generation = YES;
				INFOPLIST_KEY_UIApplicationSupportsIndirectInputEvents = YES;
				INFOPLIST_KEY_UILaunchScreen_Generation = YES;
				INFOPLIST_KEY_UISupportedInterfaceOrientations_iPad = "UIInterfaceOrientationPortrait UIInterfaceOrientationPortraitUpsideDown UIInterfaceOrientationLandscapeLeft UIInterfaceOrientationLandscapeRight";
				INFOPLIST_KEY_UISupportedInterfaceOrientations_iPhone = "UIInterfaceOrientationPortrait UIInterfaceOrientationLandscapeLeft UIInterfaceOrientationLandscapeRight";
				LD_RUNPATH_SEARCH_PATHS = (
					"$(inherited)",
					"@executable_path/Frameworks",
				);
				MARKETING_VERSION = 1.0;
				PRODUCT_BUNDLE_IDENTIFIER = "com.basantsalama.SwiftUI-NewsApp";
				PRODUCT_NAME = "$(TARGET_NAME)";
				SWIFT_EMIT_LOC_STRINGS = YES;
				SWIFT_VERSION = 5.0;
				TARGETED_DEVICE_FAMILY = "1,2";
			};
			name = Debug;
		};
		04F5D5702EF3AFCF00CC74F5 /* Release */ = {
			isa = XCBuildConfiguration;
			buildSettings = {
				ASSETCATALOG_COMPILER_APPICON_NAME = AppIcon;
				ASSETCATALOG_COMPILER_GLOBAL_ACCENT_COLOR_NAME = AccentColor;
				CODE_SIGN_STYLE = Automatic;
				CURRENT_PROJECT_VERSION = 1;
				DEVELOPMENT_ASSET_PATHS = "\"SwiftUI-NewsApp/Preview Content\"";
				ENABLE_PREVIEWS = YES;
				GENERATE_INFOPLIST_FILE = YES;
				INFOPLIST_KEY_UIApplicationSceneManifest_Generation = YES;
				INFOPLIST_KEY_UIApplicationSupportsIndirectInputEvents = YES;
				INFOPLIST_KEY_UILaunchScreen_Generation = YES;
				INFOPLIST_KEY_UISupportedInterfaceOrientations_iPad = "UIInterfaceOrientationPortrait UIInterfaceOrientationPortraitUpsideDown UIInterfaceOrientationLandscapeLeft UIInterfaceOrientationLandscapeRight";
				INFOPLIST_KEY_UISupportedInterfaceOrientations_iPhone = "UIInterfaceOrientationPortrait UIInterfaceOrientationLandscapeLeft UIInterfaceOrientationLandscapeRight";
				LD_RUNPATH_SEARCH_PATHS = (
					"$(inherited)",
					"@executable_path/Frameworks",
				);
				MARKETING_VERSION = 1.0;
				PRODUCT_BUNDLE_IDENTIFIER = "com.basantsalama.SwiftUI-NewsApp";
				PRODUCT_NAME = "$(TARGET_NAME)";
				SWIFT_EMIT_LOC_STRINGS = YES;
				SWIFT_VERSION = 5.0;
				TARGETED_DEVICE_FAMILY = "1,2";
			};
			name = Release;
		};
/* End XCBuildConfiguration section */

/* Begin XCConfigurationList section */
		04F5D55B2EF3AFCB00CC74F5 /* Build configuration list for PBXProject "SwiftUI-NewsApp" */ = {
			isa = XCConfigurationList;
			buildConfigurations = (
				04F5D56C2EF3AFCF00CC74F5 /* Debug */,
				04F5D56D2EF3AFCF00CC74F5 /* Release */,
			);
			defaultConfigurationIsVisible = 0;
			defaultConfigurationName = Release;
		};
		04F5D56E2EF3AFCF00CC74F5 /* Build configuration list for PBXNativeTarget "SwiftUI-NewsApp" */ = {
			isa = XCConfigurationList;
			buildConfigurations = (
				04F5D56F2EF3AFCF00CC74F5 /* Debug */,
				04F5D5702EF3AFCF00CC74F5 /* Release */,
			);
			defaultConfigurationIsVisible = 0;
			defaultConfigurationName = Release;
		};
/* End XCConfigurationList section */
	};
	rootObject = 04F5D5582EF3AFCB00CC74F5 /* Project object */;
}
